
Microsoft Visual Studio Solution File, Format Version 12.00
# Visual Studio Version 16
VisualStudioVersion = 16.0.31624.102
MinimumVisualStudioVersion = 10.0.40219.1
Project("{9A19103F-16F7-4668-BE54-9A1E7A4F7556}") = "ConsoleAppGIT", "ConsoleAppGIT\ConsoleAppGIT.csproj", "{543FBF6B-1BEA-4841-8465-BF35F076E9E8}"
EndProject
Project("{FAE04EC0-301F-11D3-BF4B-00C04F79EFBC}") = "GitLibrary", "GitLibrary\GitLibrary.csproj", "{FBE4973E-BE3F-429F-A9E9-076F30691367}"
EndProject
Project("{FAE04EC0-301F-11D3-BF4B-00C04F79EFBC}") = "WinFormsApp", "WinFormsApp\WinFormsApp.csproj", "{C13F0307-6288-48D8-BE30-350E32A353FE}"
EndProject
Global
	GlobalSection(SolutionConfigurationPlatforms) = preSolution
		Debug|Any CPU = Debug|Any CPU
		Release|Any CPU = Release|Any CPU
	EndGlobalSection
	GlobalSection(ProjectConfigurationPlatforms) = postSolution
		{543FBF6B-1BEA-4841-8465-BF35F076E9E8}.Debug|Any CPU.ActiveCfg = Debug|Any CPU
		{543FBF6B-1BEA-4841-8465-BF35F076E9E8}.Debug|Any CPU.Build.0 = Debug|Any CPU
		{543FBF6B-1BEA-4841-8465-BF35F076E9E8}.Release|Any CPU.ActiveCfg = Release|Any CPU
		{543FBF6B-1BEA-4841-8465-BF35F076E9E8}.Release|Any CPU.Build.0 = Release|Any CPU
		{FBE4973E-BE3F-429F-A9E9-076F30691367}.Debug|Any CPU.ActiveCfg = Debug|Any CPU
		{FBE4973E-BE3F-429F-A9E9-076F30691367}.Debug|Any CPU.Build.0 = Debug|Any CPU
		{FBE4973E-BE3F-429F-A9E9-076F30691367}.Release|Any CPU.ActiveCfg = Release|Any CPU
		{FBE4973E-BE3F-429F-A9E9-076F30691367}.Release|Any CPU.Build.0 = Release|Any CPU
		{C13F0307-6288-48D8-BE30-350E32A353FE}.Debug|Any CPU.ActiveCfg = Debug|Any CPU
		{C13F0307-6288-48D8-BE30-350E32A353FE}.Debug|Any CPU.Build.0 = Debug|Any CPU
		{C13F0307-6288-48D8-BE30-350E32A353FE}.Release|Any CPU.ActiveCfg = Release|Any CPU
		{C13F0307-6288-48D8-BE30-350E32A353FE}.Release|Any CPU.Build.0 = Release|Any CPU
	EndGlobalSection
	GlobalSection(SolutionProperties) = preSolution
		HideSolutionNode = FALSE
	EndGlobalSection
	GlobalSection(ExtensibilityGlobals) = postSolution
		SolutionGuid = {1E895EC1-DFFF-4B98-99E1-C2A6A6D5C718}
	EndGlobalSection
EndGlobal
